
Microsoft Visual Studio Solution File, Format Version 12.00
# Visual Studio 15
VisualStudioVersion = 15.0.27703.2000
MinimumVisualStudioVersion = 10.0.40219.1
Project("{FAE04EC0-301F-11D3-BF4B-00C04F79EFBC}") = "GitHubApiClient", "GitHubApiClient\GitHubApiClient.csproj", "{5A246B00-4170-4FD8-B4F5-FE6E38C4B737}"
EndProject
Global
	GlobalSection(SolutionConfigurationPlatforms) = preSolution
		Debug|Any CPU = Debug|Any CPU
		Release|Any CPU = Release|Any CPU
	EndGlobalSection
	GlobalSection(ProjectConfigurationPlatforms) = postSolution
		{5A246B00-4170-4FD8-B4F5-FE6E38C4B737}.Debug|Any CPU.ActiveCfg = Debug|Any CPU
		{5A246B00-4170-4FD8-B4F5-FE6E38C4B737}.Debug|Any CPU.Build.0 = Debug|Any CPU
		{5A246B00-4170-4FD8-B4F5-FE6E38C4B737}.Release|Any CPU.ActiveCfg = Release|Any CPU
		{5A246B00-4170-4FD8-B4F5-FE6E38C4B737}.Release|Any CPU.Build.0 = Release|Any CPU
	EndGlobalSection
	GlobalSection(SolutionProperties) = preSolution
		HideSolutionNode = FALSE
	EndGlobalSection
	GlobalSection(ExtensibilityGlobals) = postSolution
		SolutionGuid = {E6E106B4-3727-401F-AA60-6A06B03AF4C2}
	EndGlobalSection
EndGlobal
